
Microsoft Visual Studio Solution File, Format Version 12.00
# Visual Studio Version 17
VisualStudioVersion = 17.6.33723.286
MinimumVisualStudioVersion = 10.0.40219.1
Project("{FAE04EC0-301F-11D3-BF4B-00C04F79EFBC}") = "DVImonitor", "DVImonitor\DVImonitor.csproj", "{F6B1E0F1-5F5D-44D4-8708-35BB4DC05FB7}"
EndProject
Global
	GlobalSection(SolutionConfigurationPlatforms) = preSolution
		Debug|Any CPU = Debug|Any CPU
		Release|Any CPU = Release|Any CPU
	EndGlobalSection
	GlobalSection(ProjectConfigurationPlatforms) = postSolution
		{F6B1E0F1-5F5D-44D4-8708-35BB4DC05FB7}.Debug|Any CPU.ActiveCfg = Debug|Any CPU
		{F6B1E0F1-5F5D-44D4-8708-35BB4DC05FB7}.Debug|Any CPU.Build.0 = Debug|Any CPU
		{F6B1E0F1-5F5D-44D4-8708-35BB4DC05FB7}.Release|Any CPU.ActiveCfg = Release|Any CPU
		{F6B1E0F1-5F5D-44D4-8708-35BB4DC05FB7}.Release|Any CPU.Build.0 = Release|Any CPU
	EndGlobalSection
	GlobalSection(SolutionProperties) = preSolution
		HideSolutionNode = FALSE
	EndGlobalSection
	GlobalSection(ExtensibilityGlobals) = postSolution
		SolutionGuid = {8E8A2F7F-39BC-4B4B-9B18-DE2461016BF3}
	EndGlobalSection
EndGlobal
